
Microsoft Visual Studio Solution File, Format Version 12.00
# Visual Studio Version 17
VisualStudioVersion = 17.3.32825.248
MinimumVisualStudioVersion = 10.0.40219.1
Project("{FAE04EC0-301F-11D3-BF4B-00C04F79EFBC}") = "task_1", "task_1\task_1.csproj", "{CC38D96C-4936-46C8-869E-E8C1CD58FC6E}"
EndProject
Project("{FAE04EC0-301F-11D3-BF4B-00C04F79EFBC}") = "task_2", "task_2\task_2.csproj", "{071E332C-F6E5-49DA-B2F8-A597CE67D9B5}"
EndProject
Project("{FAE04EC0-301F-11D3-BF4B-00C04F79EFBC}") = "task_3", "task_3\task_3.csproj", "{00ABEBC7-FC03-4E78-9BA0-F47C672571E2}"
EndProject
Global
	GlobalSection(SolutionConfigurationPlatforms) = preSolution
		Debug|Any CPU = Debug|Any CPU
		Release|Any CPU = Release|Any CPU
	EndGlobalSection
	GlobalSection(ProjectConfigurationPlatforms) = postSolution
		{CC38D96C-4936-46C8-869E-E8C1CD58FC6E}.Debug|Any CPU.ActiveCfg = Debug|Any CPU
		{CC38D96C-4936-46C8-869E-E8C1CD58FC6E}.Debug|Any CPU.Build.0 = Debug|Any CPU
		{CC38D96C-4936-46C8-869E-E8C1CD58FC6E}.Release|Any CPU.ActiveCfg = Release|Any CPU
		{CC38D96C-4936-46C8-869E-E8C1CD58FC6E}.Release|Any CPU.Build.0 = Release|Any CPU
		{071E332C-F6E5-49DA-B2F8-A597CE67D9B5}.Debug|Any CPU.ActiveCfg = Debug|Any CPU
		{071E332C-F6E5-49DA-B2F8-A597CE67D9B5}.Debug|Any CPU.Build.0 = Debug|Any CPU
		{071E332C-F6E5-49DA-B2F8-A597CE67D9B5}.Release|Any CPU.ActiveCfg = Release|Any CPU
		{071E332C-F6E5-49DA-B2F8-A597CE67D9B5}.Release|Any CPU.Build.0 = Release|Any CPU
		{00ABEBC7-FC03-4E78-9BA0-F47C672571E2}.Debug|Any CPU.ActiveCfg = Debug|Any CPU
		{00ABEBC7-FC03-4E78-9BA0-F47C672571E2}.Debug|Any CPU.Build.0 = Debug|Any CPU
		{00ABEBC7-FC03-4E78-9BA0-F47C672571E2}.Release|Any CPU.ActiveCfg = Release|Any CPU
		{00ABEBC7-FC03-4E78-9BA0-F47C672571E2}.Release|Any CPU.Build.0 = Release|Any CPU
	EndGlobalSection
	GlobalSection(SolutionProperties) = preSolution
		HideSolutionNode = FALSE
	EndGlobalSection
	GlobalSection(ExtensibilityGlobals) = postSolution
		SolutionGuid = {EE1A54C2-E618-47D2-AC8D-AD66CCC0B701}
	EndGlobalSection
EndGlobal
