
Microsoft Visual Studio Solution File, Format Version 12.00
# Visual Studio Version 17
VisualStudioVersion = 17.3.32825.248
MinimumVisualStudioVersion = 10.0.40219.1
Project("{FAE04EC0-301F-11D3-BF4B-00C04F79EFBC}") = "task_1", "task_1\task_1.csproj", "{D7202CD4-08DF-4786-BC67-C328FC2729BF}"
EndProject
Project("{FAE04EC0-301F-11D3-BF4B-00C04F79EFBC}") = "task_2", "task_2\task_2.csproj", "{96B131B1-A15D-4969-A5E8-6196949A971A}"
EndProject
Project("{FAE04EC0-301F-11D3-BF4B-00C04F79EFBC}") = "task_3", "task_3\task_3.csproj", "{DBC62D01-24A5-4639-A409-E4FAF47EC358}"
EndProject
Project("{FAE04EC0-301F-11D3-BF4B-00C04F79EFBC}") = "task_4", "task_4\task_4.csproj", "{70743C73-ACA5-4350-9D6A-1CB833BC8E9D}"
EndProject
Global
	GlobalSection(SolutionConfigurationPlatforms) = preSolution
		Debug|Any CPU = Debug|Any CPU
		Release|Any CPU = Release|Any CPU
	EndGlobalSection
	GlobalSection(ProjectConfigurationPlatforms) = postSolution
		{D7202CD4-08DF-4786-BC67-C328FC2729BF}.Debug|Any CPU.ActiveCfg = Debug|Any CPU
		{D7202CD4-08DF-4786-BC67-C328FC2729BF}.Debug|Any CPU.Build.0 = Debug|Any CPU
		{D7202CD4-08DF-4786-BC67-C328FC2729BF}.Release|Any CPU.ActiveCfg = Release|Any CPU
		{D7202CD4-08DF-4786-BC67-C328FC2729BF}.Release|Any CPU.Build.0 = Release|Any CPU
		{96B131B1-A15D-4969-A5E8-6196949A971A}.Debug|Any CPU.ActiveCfg = Debug|Any CPU
		{96B131B1-A15D-4969-A5E8-6196949A971A}.Debug|Any CPU.Build.0 = Debug|Any CPU
		{96B131B1-A15D-4969-A5E8-6196949A971A}.Release|Any CPU.ActiveCfg = Release|Any CPU
		{96B131B1-A15D-4969-A5E8-6196949A971A}.Release|Any CPU.Build.0 = Release|Any CPU
		{DBC62D01-24A5-4639-A409-E4FAF47EC358}.Debug|Any CPU.ActiveCfg = Debug|Any CPU
		{DBC62D01-24A5-4639-A409-E4FAF47EC358}.Debug|Any CPU.Build.0 = Debug|Any CPU
		{DBC62D01-24A5-4639-A409-E4FAF47EC358}.Release|Any CPU.ActiveCfg = Release|Any CPU
		{DBC62D01-24A5-4639-A409-E4FAF47EC358}.Release|Any CPU.Build.0 = Release|Any CPU
		{70743C73-ACA5-4350-9D6A-1CB833BC8E9D}.Debug|Any CPU.ActiveCfg = Debug|Any CPU
		{70743C73-ACA5-4350-9D6A-1CB833BC8E9D}.Debug|Any CPU.Build.0 = Debug|Any CPU
		{70743C73-ACA5-4350-9D6A-1CB833BC8E9D}.Release|Any CPU.ActiveCfg = Release|Any CPU
		{70743C73-ACA5-4350-9D6A-1CB833BC8E9D}.Release|Any CPU.Build.0 = Release|Any CPU
	EndGlobalSection
	GlobalSection(SolutionProperties) = preSolution
		HideSolutionNode = FALSE
	EndGlobalSection
	GlobalSection(ExtensibilityGlobals) = postSolution
		SolutionGuid = {58875192-B019-4DED-9C7F-E4A6DBBAE20B}
	EndGlobalSection
EndGlobal
