
Microsoft Visual Studio Solution File, Format Version 12.00
# Visual Studio Version 17
VisualStudioVersion = 17.3.32825.248
MinimumVisualStudioVersion = 10.0.40219.1
Project("{FAE04EC0-301F-11D3-BF4B-00C04F79EFBC}") = "task_1", "task_1\task_1.csproj", "{D593BE29-1A75-4FC4-9180-E2A2829A0748}"
EndProject
Project("{FAE04EC0-301F-11D3-BF4B-00C04F79EFBC}") = "task_2", "task_2\task_2.csproj", "{C0E3374B-D698-421E-874A-9607C7B06362}"
EndProject
Project("{FAE04EC0-301F-11D3-BF4B-00C04F79EFBC}") = "task_3", "task_3\task_3.csproj", "{9555149E-A34C-4F46-8658-0CE630F22309}"
EndProject
Global
	GlobalSection(SolutionConfigurationPlatforms) = preSolution
		Debug|Any CPU = Debug|Any CPU
		Release|Any CPU = Release|Any CPU
	EndGlobalSection
	GlobalSection(ProjectConfigurationPlatforms) = postSolution
		{D593BE29-1A75-4FC4-9180-E2A2829A0748}.Debug|Any CPU.ActiveCfg = Debug|Any CPU
		{D593BE29-1A75-4FC4-9180-E2A2829A0748}.Debug|Any CPU.Build.0 = Debug|Any CPU
		{D593BE29-1A75-4FC4-9180-E2A2829A0748}.Release|Any CPU.ActiveCfg = Release|Any CPU
		{D593BE29-1A75-4FC4-9180-E2A2829A0748}.Release|Any CPU.Build.0 = Release|Any CPU
		{C0E3374B-D698-421E-874A-9607C7B06362}.Debug|Any CPU.ActiveCfg = Debug|Any CPU
		{C0E3374B-D698-421E-874A-9607C7B06362}.Debug|Any CPU.Build.0 = Debug|Any CPU
		{C0E3374B-D698-421E-874A-9607C7B06362}.Release|Any CPU.ActiveCfg = Release|Any CPU
		{C0E3374B-D698-421E-874A-9607C7B06362}.Release|Any CPU.Build.0 = Release|Any CPU
		{9555149E-A34C-4F46-8658-0CE630F22309}.Debug|Any CPU.ActiveCfg = Debug|Any CPU
		{9555149E-A34C-4F46-8658-0CE630F22309}.Debug|Any CPU.Build.0 = Debug|Any CPU
		{9555149E-A34C-4F46-8658-0CE630F22309}.Release|Any CPU.ActiveCfg = Release|Any CPU
		{9555149E-A34C-4F46-8658-0CE630F22309}.Release|Any CPU.Build.0 = Release|Any CPU
	EndGlobalSection
	GlobalSection(SolutionProperties) = preSolution
		HideSolutionNode = FALSE
	EndGlobalSection
	GlobalSection(ExtensibilityGlobals) = postSolution
		SolutionGuid = {35C2394F-B61F-4CBF-86C6-7B484B1DEFFB}
	EndGlobalSection
EndGlobal
