
Microsoft Visual Studio Solution File, Format Version 12.00
# Visual Studio Version 17
VisualStudioVersion = 17.3.32825.248
MinimumVisualStudioVersion = 10.0.40219.1
Project("{9A19103F-16F7-4668-BE54-9A1E7A4F7556}") = "task_1", "task_1\task_1.csproj", "{9768DD14-1017-4737-BFA6-0EC719CCD87A}"
EndProject
Project("{FAE04EC0-301F-11D3-BF4B-00C04F79EFBC}") = "task_2", "task_2\task_2.csproj", "{21B4BD32-1E34-46A3-BAB2-CD2EED41CA3E}"
EndProject
Global
	GlobalSection(SolutionConfigurationPlatforms) = preSolution
		Debug|Any CPU = Debug|Any CPU
		Release|Any CPU = Release|Any CPU
	EndGlobalSection
	GlobalSection(ProjectConfigurationPlatforms) = postSolution
		{9768DD14-1017-4737-BFA6-0EC719CCD87A}.Debug|Any CPU.ActiveCfg = Debug|Any CPU
		{9768DD14-1017-4737-BFA6-0EC719CCD87A}.Debug|Any CPU.Build.0 = Debug|Any CPU
		{9768DD14-1017-4737-BFA6-0EC719CCD87A}.Release|Any CPU.ActiveCfg = Release|Any CPU
		{9768DD14-1017-4737-BFA6-0EC719CCD87A}.Release|Any CPU.Build.0 = Release|Any CPU
		{21B4BD32-1E34-46A3-BAB2-CD2EED41CA3E}.Debug|Any CPU.ActiveCfg = Debug|Any CPU
		{21B4BD32-1E34-46A3-BAB2-CD2EED41CA3E}.Debug|Any CPU.Build.0 = Debug|Any CPU
		{21B4BD32-1E34-46A3-BAB2-CD2EED41CA3E}.Release|Any CPU.ActiveCfg = Release|Any CPU
		{21B4BD32-1E34-46A3-BAB2-CD2EED41CA3E}.Release|Any CPU.Build.0 = Release|Any CPU
	EndGlobalSection
	GlobalSection(SolutionProperties) = preSolution
		HideSolutionNode = FALSE
	EndGlobalSection
	GlobalSection(ExtensibilityGlobals) = postSolution
		SolutionGuid = {E5D4AB6E-7860-45B7-BB41-5FE7DFAAC010}
	EndGlobalSection
EndGlobal
